// !$*UTF8*$!
{
	archiveVersion = 1;
	classes = {
	};
	objectVersion = 56;
	objects = {

/* Begin PBXBuildFile section */
		AE04815B2A39031D00CE5A18 /* registroModel.swift in Sources */ = {isa = PBXBuildFile; fileRef = AE04815A2A39031D00CE5A18 /* registroModel.swift */; };
		AE2F4CA72A38AE4900425D59 /* registroView.swift in Sources */ = {isa = PBXBuildFile; fileRef = AE2F4CA62A38AE4900425D59 /* registroView.swift */; };
		DFA2BD222A373BF800BFB964 /* BuddyCareApp.swift in Sources */ = {isa = PBXBuildFile; fileRef = DFA2BD212A373BF800BFB964 /* BuddyCareApp.swift */; };
		DFA2BD242A373BF800BFB964 /* ContentView.swift in Sources */ = {isa = PBXBuildFile; fileRef = DFA2BD232A373BF800BFB964 /* ContentView.swift */; };
		DFA2BD262A373BF900BFB964 /* Assets.xcassets in Resources */ = {isa = PBXBuildFile; fileRef = DFA2BD252A373BF900BFB964 /* Assets.xcassets */; };
		DFA2BD292A373BF900BFB964 /* Preview Assets.xcassets in Resources */ = {isa = PBXBuildFile; fileRef = DFA2BD282A373BF900BFB964 /* Preview Assets.xcassets */; };
		DFA2BD332A373BF900BFB964 /* BuddyCareTests.swift in Sources */ = {isa = PBXBuildFile; fileRef = DFA2BD322A373BF900BFB964 /* BuddyCareTests.swift */; };
		DFA2BD452A373BF900BFB964 /* BuddyCare Watch App.app in Embed Watch Content */ = {isa = PBXBuildFile; fileRef = DFA2BD442A373BF900BFB964 /* BuddyCare Watch App.app */; settings = {ATTRIBUTES = (RemoveHeadersOnCopy, ); }; };
		DFA2BD4A2A373BF900BFB964 /* BuddyCareApp.swift in Sources */ = {isa = PBXBuildFile; fileRef = DFA2BD492A373BF900BFB964 /* BuddyCareApp.swift */; };
		DFA2BD4C2A373BF900BFB964 /* ContentView.swift in Sources */ = {isa = PBXBuildFile; fileRef = DFA2BD4B2A373BF900BFB964 /* ContentView.swift */; };
		DFA2BD4E2A373BFA00BFB964 /* Assets.xcassets in Resources */ = {isa = PBXBuildFile; fileRef = DFA2BD4D2A373BFA00BFB964 /* Assets.xcassets */; };
		DFA2BD512A373BFA00BFB964 /* Preview Assets.xcassets in Resources */ = {isa = PBXBuildFile; fileRef = DFA2BD502A373BFA00BFB964 /* Preview Assets.xcassets */; };
		DFA2BD5B2A373BFA00BFB964 /* BuddyCare_Watch_AppTests.swift in Sources */ = {isa = PBXBuildFile; fileRef = DFA2BD5A2A373BFA00BFB964 /* BuddyCare_Watch_AppTests.swift */; };
/* End PBXBuildFile section */

/* Begin PBXContainerItemProxy section */
		DFA2BD2F2A373BF900BFB964 /* PBXContainerItemProxy */ = {
			isa = PBXContainerItemProxy;
			containerPortal = DFA2BD162A373BF800BFB964 /* Project object */;
			proxyType = 1;
			remoteGlobalIDString = DFA2BD1D2A373BF800BFB964;
			remoteInfo = BuddyCare;
		};
		DFA2BD462A373BF900BFB964 /* PBXContainerItemProxy */ = {
			isa = PBXContainerItemProxy;
			containerPortal = DFA2BD162A373BF800BFB964 /* Project object */;
			proxyType = 1;
			remoteGlobalIDString = DFA2BD432A373BF900BFB964;
			remoteInfo = "BuddyCare Watch App";
		};
		DFA2BD572A373BFA00BFB964 /* PBXContainerItemProxy */ = {
			isa = PBXContainerItemProxy;
			containerPortal = DFA2BD162A373BF800BFB964 /* Project object */;
			proxyType = 1;
			remoteGlobalIDString = DFA2BD432A373BF900BFB964;
			remoteInfo = "BuddyCare Watch App";
		};
/* End PBXContainerItemProxy section */

/* Begin PBXCopyFilesBuildPhase section */
		DFA2BD6D2A373BFA00BFB964 /* Embed Watch Content */ = {
			isa = PBXCopyFilesBuildPhase;
			buildActionMask = 2147483647;
			dstPath = "$(CONTENTS_FOLDER_PATH)/Watch";
			dstSubfolderSpec = 16;
			files = (
				DFA2BD452A373BF900BFB964 /* BuddyCare Watch App.app in Embed Watch Content */,
			);
			name = "Embed Watch Content";
			runOnlyForDeploymentPostprocessing = 0;
		};
/* End PBXCopyFilesBuildPhase section */

/* Begin PBXFileReference section */
		AE04815A2A39031D00CE5A18 /* registroModel.swift */ = {isa = PBXFileReference; lastKnownFileType = sourcecode.swift; path = registroModel.swift; sourceTree = "<group>"; };
		AE2F4CA62A38AE4900425D59 /* registroView.swift */ = {isa = PBXFileReference; lastKnownFileType = sourcecode.swift; path = registroView.swift; sourceTree = "<group>"; };
		DFA2BD1E2A373BF800BFB964 /* BuddyCare.app */ = {isa = PBXFileReference; explicitFileType = wrapper.application; includeInIndex = 0; path = BuddyCare.app; sourceTree = BUILT_PRODUCTS_DIR; };
		DFA2BD212A373BF800BFB964 /* BuddyCareApp.swift */ = {isa = PBXFileReference; lastKnownFileType = sourcecode.swift; path = BuddyCareApp.swift; sourceTree = "<group>"; };
		DFA2BD232A373BF800BFB964 /* ContentView.swift */ = {isa = PBXFileReference; lastKnownFileType = sourcecode.swift; path = ContentView.swift; sourceTree = "<group>"; };
		DFA2BD252A373BF900BFB964 /* Assets.xcassets */ = {isa = PBXFileReference; lastKnownFileType = folder.assetcatalog; path = Assets.xcassets; sourceTree = "<group>"; };
		DFA2BD282A373BF900BFB964 /* Preview Assets.xcassets */ = {isa = PBXFileReference; lastKnownFileType = folder.assetcatalog; path = "Preview Assets.xcassets"; sourceTree = "<group>"; };
		DFA2BD2E2A373BF900BFB964 /* BuddyCareTests.xctest */ = {isa = PBXFileReference; explicitFileType = wrapper.cfbundle; includeInIndex = 0; path = BuddyCareTests.xctest; sourceTree = BUILT_PRODUCTS_DIR; };
		DFA2BD322A373BF900BFB964 /* BuddyCareTests.swift */ = {isa = PBXFileReference; lastKnownFileType = sourcecode.swift; path = BuddyCareTests.swift; sourceTree = "<group>"; };
		DFA2BD442A373BF900BFB964 /* BuddyCare Watch App.app */ = {isa = PBXFileReference; explicitFileType = wrapper.application; includeInIndex = 0; path = "BuddyCare Watch App.app"; sourceTree = BUILT_PRODUCTS_DIR; };
		DFA2BD492A373BF900BFB964 /* BuddyCareApp.swift */ = {isa = PBXFileReference; lastKnownFileType = sourcecode.swift; path = BuddyCareApp.swift; sourceTree = "<group>"; };
		DFA2BD4B2A373BF900BFB964 /* ContentView.swift */ = {isa = PBXFileReference; lastKnownFileType = sourcecode.swift; path = ContentView.swift; sourceTree = "<group>"; };
		DFA2BD4D2A373BFA00BFB964 /* Assets.xcassets */ = {isa = PBXFileReference; lastKnownFileType = folder.assetcatalog; path = Assets.xcassets; sourceTree = "<group>"; };
		DFA2BD502A373BFA00BFB964 /* Preview Assets.xcassets */ = {isa = PBXFileReference; lastKnownFileType = folder.assetcatalog; path = "Preview Assets.xcassets"; sourceTree = "<group>"; };
		DFA2BD562A373BFA00BFB964 /* BuddyCare Watch AppTests.xctest */ = {isa = PBXFileReference; explicitFileType = wrapper.cfbundle; includeInIndex = 0; path = "BuddyCare Watch AppTests.xctest"; sourceTree = BUILT_PRODUCTS_DIR; };
		DFA2BD5A2A373BFA00BFB964 /* BuddyCare_Watch_AppTests.swift */ = {isa = PBXFileReference; lastKnownFileType = sourcecode.swift; path = BuddyCare_Watch_AppTests.swift; sourceTree = "<group>"; };
/* End PBXFileReference section */

/* Begin PBXFrameworksBuildPhase section */
		DFA2BD1B2A373BF800BFB964 /* Frameworks */ = {
			isa = PBXFrameworksBuildPhase;
			buildActionMask = 2147483647;
			files = (
			);
			runOnlyForDeploymentPostprocessing = 0;
		};
		DFA2BD2B2A373BF900BFB964 /* Frameworks */ = {
			isa = PBXFrameworksBuildPhase;
			buildActionMask = 2147483647;
			files = (
			);
			runOnlyForDeploymentPostprocessing = 0;
		};
		DFA2BD412A373BF900BFB964 /* Frameworks */ = {
			isa = PBXFrameworksBuildPhase;
			buildActionMask = 2147483647;
			files = (
			);
			runOnlyForDeploymentPostprocessing = 0;
		};
		DFA2BD532A373BFA00BFB964 /* Frameworks */ = {
			isa = PBXFrameworksBuildPhase;
			buildActionMask = 2147483647;
			files = (
			);
			runOnlyForDeploymentPostprocessing = 0;
		};
/* End PBXFrameworksBuildPhase section */

/* Begin PBXGroup section */
		DFA2BD152A373BF800BFB964 = {
			isa = PBXGroup;
			children = (
				DFA2BD202A373BF800BFB964 /* BuddyCare */,
				DFA2BD312A373BF900BFB964 /* BuddyCareTests */,
				DFA2BD482A373BF900BFB964 /* BuddyCare Watch App */,
				DFA2BD592A373BFA00BFB964 /* BuddyCare Watch AppTests */,
				DFA2BD1F2A373BF800BFB964 /* Products */,
			);
			sourceTree = "<group>";
		};
		DFA2BD1F2A373BF800BFB964 /* Products */ = {
			isa = PBXGroup;
			children = (
				DFA2BD1E2A373BF800BFB964 /* BuddyCare.app */,
				DFA2BD2E2A373BF900BFB964 /* BuddyCareTests.xctest */,
				DFA2BD442A373BF900BFB964 /* BuddyCare Watch App.app */,
				DFA2BD562A373BFA00BFB964 /* BuddyCare Watch AppTests.xctest */,
			);
			name = Products;
			sourceTree = "<group>";
		};
		DFA2BD202A373BF800BFB964 /* BuddyCare */ = {
			isa = PBXGroup;
			children = (
				DFA2BD212A373BF800BFB964 /* BuddyCareApp.swift */,
				DFA2BD232A373BF800BFB964 /* ContentView.swift */,
				DFA2BD252A373BF900BFB964 /* Assets.xcassets */,
				DFA2BD272A373BF900BFB964 /* Preview Content */,
				AE2F4CA62A38AE4900425D59 /* registroView.swift */,
				AE04815A2A39031D00CE5A18 /* registroModel.swift */,
			);
			path = BuddyCare;
			sourceTree = "<group>";
		};
		DFA2BD272A373BF900BFB964 /* Preview Content */ = {
			isa = PBXGroup;
			children = (
				DFA2BD282A373BF900BFB964 /* Preview Assets.xcassets */,
			);
			path = "Preview Content";
			sourceTree = "<group>";
		};
		DFA2BD312A373BF900BFB964 /* BuddyCareTests */ = {
			isa = PBXGroup;
			children = (
				DFA2BD322A373BF900BFB964 /* BuddyCareTests.swift */,
			);
			path = BuddyCareTests;
			sourceTree = "<group>";
		};
		DFA2BD482A373BF900BFB964 /* BuddyCare Watch App */ = {
			isa = PBXGroup;
			children = (
				DFA2BD492A373BF900BFB964 /* BuddyCareApp.swift */,
				DFA2BD4B2A373BF900BFB964 /* ContentView.swift */,
				DFA2BD4D2A373BFA00BFB964 /* Assets.xcassets */,
				DFA2BD4F2A373BFA00BFB964 /* Preview Content */,
			);
			path = "BuddyCare Watch App";
			sourceTree = "<group>";
		};
		DFA2BD4F2A373BFA00BFB964 /* Preview Content */ = {
			isa = PBXGroup;
			children = (
				DFA2BD502A373BFA00BFB964 /* Preview Assets.xcassets */,
			);
			path = "Preview Content";
			sourceTree = "<group>";
		};
		DFA2BD592A373BFA00BFB964 /* BuddyCare Watch AppTests */ = {
			isa = PBXGroup;
			children = (
				DFA2BD5A2A373BFA00BFB964 /* BuddyCare_Watch_AppTests.swift */,
			);
			path = "BuddyCare Watch AppTests";
			sourceTree = "<group>";
		};
/* End PBXGroup section */

/* Begin PBXNativeTarget section */
		DFA2BD1D2A373BF800BFB964 /* BuddyCare */ = {
			isa = PBXNativeTarget;
			buildConfigurationList = DFA2BD6E2A373BFA00BFB964 /* Build configuration list for PBXNativeTarget "BuddyCare" */;
			buildPhases = (
				DFA2BD1A2A373BF800BFB964 /* Sources */,
				DFA2BD1B2A373BF800BFB964 /* Frameworks */,
				DFA2BD1C2A373BF800BFB964 /* Resources */,
				DFA2BD6D2A373BFA00BFB964 /* Embed Watch Content */,
			);
			buildRules = (
			);
			dependencies = (
				DFA2BD472A373BF900BFB964 /* PBXTargetDependency */,
			);
			name = BuddyCare;
			productName = BuddyCare;
			productReference = DFA2BD1E2A373BF800BFB964 /* BuddyCare.app */;
			productType = "com.apple.product-type.application";
		};
		DFA2BD2D2A373BF900BFB964 /* BuddyCareTests */ = {
			isa = PBXNativeTarget;
			buildConfigurationList = DFA2BD712A373BFA00BFB964 /* Build configuration list for PBXNativeTarget "BuddyCareTests" */;
			buildPhases = (
				DFA2BD2A2A373BF900BFB964 /* Sources */,
				DFA2BD2B2A373BF900BFB964 /* Frameworks */,
				DFA2BD2C2A373BF900BFB964 /* Resources */,
			);
			buildRules = (
			);
			dependencies = (
				DFA2BD302A373BF900BFB964 /* PBXTargetDependency */,
			);
			name = BuddyCareTests;
			productName = BuddyCareTests;
			productReference = DFA2BD2E2A373BF900BFB964 /* BuddyCareTests.xctest */;
			productType = "com.apple.product-type.bundle.unit-test";
		};
		DFA2BD432A373BF900BFB964 /* BuddyCare Watch App */ = {
			isa = PBXNativeTarget;
			buildConfigurationList = DFA2BD6A2A373BFA00BFB964 /* Build configuration list for PBXNativeTarget "BuddyCare Watch App" */;
			buildPhases = (
				DFA2BD402A373BF900BFB964 /* Sources */,
				DFA2BD412A373BF900BFB964 /* Frameworks */,
				DFA2BD422A373BF900BFB964 /* Resources */,
			);
			buildRules = (
			);
			dependencies = (
			);
			name = "BuddyCare Watch App";
			productName = "BuddyCare Watch App";
			productReference = DFA2BD442A373BF900BFB964 /* BuddyCare Watch App.app */;
			productType = "com.apple.product-type.application";
		};
		DFA2BD552A373BFA00BFB964 /* BuddyCare Watch AppTests */ = {
			isa = PBXNativeTarget;
			buildConfigurationList = DFA2BD772A373BFA00BFB964 /* Build configuration list for PBXNativeTarget "BuddyCare Watch AppTests" */;
			buildPhases = (
				DFA2BD522A373BFA00BFB964 /* Sources */,
				DFA2BD532A373BFA00BFB964 /* Frameworks */,
				DFA2BD542A373BFA00BFB964 /* Resources */,
			);
			buildRules = (
			);
			dependencies = (
				DFA2BD582A373BFA00BFB964 /* PBXTargetDependency */,
			);
			name = "BuddyCare Watch AppTests";
			productName = "BuddyCare Watch AppTests";
			productReference = DFA2BD562A373BFA00BFB964 /* BuddyCare Watch AppTests.xctest */;
			productType = "com.apple.product-type.bundle.unit-test";
		};
/* End PBXNativeTarget section */

/* Begin PBXProject section */
		DFA2BD162A373BF800BFB964 /* Project object */ = {
			isa = PBXProject;
			attributes = {
				BuildIndependentTargetsInParallel = 1;
				LastSwiftUpdateCheck = 1430;
				LastUpgradeCheck = 1430;
				TargetAttributes = {
					DFA2BD1D2A373BF800BFB964 = {
						CreatedOnToolsVersion = 14.3.1;
					};
					DFA2BD2D2A373BF900BFB964 = {
						CreatedOnToolsVersion = 14.3.1;
						TestTargetID = DFA2BD1D2A373BF800BFB964;
					};
					DFA2BD432A373BF900BFB964 = {
						CreatedOnToolsVersion = 14.3.1;
					};
					DFA2BD552A373BFA00BFB964 = {
						CreatedOnToolsVersion = 14.3.1;
						TestTargetID = DFA2BD432A373BF900BFB964;
					};
				};
			};
			buildConfigurationList = DFA2BD192A373BF800BFB964 /* Build configuration list for PBXProject "BuddyCare" */;
			compatibilityVersion = "Xcode 14.0";
			developmentRegion = en;
			hasScannedForEncodings = 0;
			knownRegions = (
				en,
				Base,
			);
			mainGroup = DFA2BD152A373BF800BFB964;
			productRefGroup = DFA2BD1F2A373BF800BFB964 /* Products */;
			projectDirPath = "";
			projectRoot = "";
			targets = (
				DFA2BD1D2A373BF800BFB964 /* BuddyCare */,
				DFA2BD2D2A373BF900BFB964 /* BuddyCareTests */,
				DFA2BD432A373BF900BFB964 /* BuddyCare Watch App */,
				DFA2BD552A373BFA00BFB964 /* BuddyCare Watch AppTests */,
			);
		};
/* End PBXProject section */

/* Begin PBXResourcesBuildPhase section */
		DFA2BD1C2A373BF800BFB964 /* Resources */ = {
			isa = PBXResourcesBuildPhase;
			buildActionMask = 2147483647;
			files = (
				DFA2BD292A373BF900BFB964 /* Preview Assets.xcassets in Resources */,
				DFA2BD262A373BF900BFB964 /* Assets.xcassets in Resources */,
			);
			runOnlyForDeploymentPostprocessing = 0;
		};
		DFA2BD2C2A373BF900BFB964 /* Resources */ = {
			isa = PBXResourcesBuildPhase;
			buildActionMask = 2147483647;
			files = (
			);
			runOnlyForDeploymentPostprocessing = 0;
		};
		DFA2BD422A373BF900BFB964 /* Resources */ = {
			isa = PBXResourcesBuildPhase;
			buildActionMask = 2147483647;
			files = (
				DFA2BD512A373BFA00BFB964 /* Preview Assets.xcassets in Resources */,
				DFA2BD4E2A373BFA00BFB964 /* Assets.xcassets in Resources */,
			);
			runOnlyForDeploymentPostprocessing = 0;
		};
		DFA2BD542A373BFA00BFB964 /* Resources */ = {
			isa = PBXResourcesBuildPhase;
			buildActionMask = 2147483647;
			files = (
			);
			runOnlyForDeploymentPostprocessing = 0;
		};
/* End PBXResourcesBuildPhase section */

/* Begin PBXSourcesBuildPhase section */
		DFA2BD1A2A373BF800BFB964 /* Sources */ = {
			isa = PBXSourcesBuildPhase;
			buildActionMask = 2147483647;
			files = (
				AE2F4CA72A38AE4900425D59 /* registroView.swift in Sources */,
				AE04815B2A39031D00CE5A18 /* registroModel.swift in Sources */,
				DFA2BD242A373BF800BFB964 /* ContentView.swift in Sources */,
				DFA2BD222A373BF800BFB964 /* BuddyCareApp.swift in Sources */,
			);
			runOnlyForDeploymentPostprocessing = 0;
		};
		DFA2BD2A2A373BF900BFB964 /* Sources */ = {
			isa = PBXSourcesBuildPhase;
			buildActionMask = 2147483647;
			files = (
				DFA2BD332A373BF900BFB964 /* BuddyCareTests.swift in Sources */,
			);
			runOnlyForDeploymentPostprocessing = 0;
		};
		DFA2BD402A373BF900BFB964 /* Sources */ = {
			isa = PBXSourcesBuildPhase;
			buildActionMask = 2147483647;
			files = (
				DFA2BD4C2A373BF900BFB964 /* ContentView.swift in Sources */,
				DFA2BD4A2A373BF900BFB964 /* BuddyCareApp.swift in Sources */,
			);
			runOnlyForDeploymentPostprocessing = 0;
		};
		DFA2BD522A373BFA00BFB964 /* Sources */ = {
			isa = PBXSourcesBuildPhase;
			buildActionMask = 2147483647;
			files = (
				DFA2BD5B2A373BFA00BFB964 /* BuddyCare_Watch_AppTests.swift in Sources */,
			);
			runOnlyForDeploymentPostprocessing = 0;
		};
/* End PBXSourcesBuildPhase section */

/* Begin PBXTargetDependency section */
		DFA2BD302A373BF900BFB964 /* PBXTargetDependency */ = {
			isa = PBXTargetDependency;
			target = DFA2BD1D2A373BF800BFB964 /* BuddyCare */;
			targetProxy = DFA2BD2F2A373BF900BFB964 /* PBXContainerItemProxy */;
		};
		DFA2BD472A373BF900BFB964 /* PBXTargetDependency */ = {
			isa = PBXTargetDependency;
			target = DFA2BD432A373BF900BFB964 /* BuddyCare Watch App */;
			targetProxy = DFA2BD462A373BF900BFB964 /* PBXContainerItemProxy */;
		};
		DFA2BD582A373BFA00BFB964 /* PBXTargetDependency */ = {
			isa = PBXTargetDependency;
			target = DFA2BD432A373BF900BFB964 /* BuddyCare Watch App */;
			targetProxy = DFA2BD572A373BFA00BFB964 /* PBXContainerItemProxy */;
		};
/* End PBXTargetDependency section */

/* Begin XCBuildConfiguration section */
		DFA2BD682A373BFA00BFB964 /* Debug */ = {
			isa = XCBuildConfiguration;
			buildSettings = {
				ALWAYS_SEARCH_USER_PATHS = NO;
				CLANG_ANALYZER_NONNULL = YES;
				CLANG_ANALYZER_NUMBER_OBJECT_CONVERSION = YES_AGGRESSIVE;
				CLANG_CXX_LANGUAGE_STANDARD = "gnu++20";
				CLANG_ENABLE_MODULES = YES;
				CLANG_ENABLE_OBJC_ARC = YES;
				CLANG_ENABLE_OBJC_WEAK = YES;
				CLANG_WARN_BLOCK_CAPTURE_AUTORELEASING = YES;
				CLANG_WARN_BOOL_CONVERSION = YES;
				CLANG_WARN_COMMA = YES;
				CLANG_WARN_CONSTANT_CONVERSION = YES;
				CLANG_WARN_DEPRECATED_OBJC_IMPLEMENTATIONS = YES;
				CLANG_WARN_DIRECT_OBJC_ISA_USAGE = YES_ERROR;
				CLANG_WARN_DOCUMENTATION_COMMENTS = YES;
				CLANG_WARN_EMPTY_BODY = YES;
				CLANG_WARN_ENUM_CONVERSION = YES;
				CLANG_WARN_INFINITE_RECURSION = YES;
				CLANG_WARN_INT_CONVERSION = YES;
				CLANG_WARN_NON_LITERAL_NULL_CONVERSION = YES;
				CLANG_WARN_OBJC_IMPLICIT_RETAIN_SELF = YES;
				CLANG_WARN_OBJC_LITERAL_CONVERSION = YES;
				CLANG_WARN_OBJC_ROOT_CLASS = YES_ERROR;
				CLANG_WARN_QUOTED_INCLUDE_IN_FRAMEWORK_HEADER = YES;
				CLANG_WARN_RANGE_LOOP_ANALYSIS = YES;
				CLANG_WARN_STRICT_PROTOTYPES = YES;
				CLANG_WARN_SUSPICIOUS_MOVE = YES;
				CLANG_WARN_UNGUARDED_AVAILABILITY = YES_AGGRESSIVE;
				CLANG_WARN_UNREACHABLE_CODE = YES;
				CLANG_WARN__DUPLICATE_METHOD_MATCH = YES;
				COPY_PHASE_STRIP = NO;
				DEBUG_INFORMATION_FORMAT = dwarf;
				ENABLE_STRICT_OBJC_MSGSEND = YES;
				ENABLE_TESTABILITY = YES;
				GCC_C_LANGUAGE_STANDARD = gnu11;
				GCC_DYNAMIC_NO_PIC = NO;
				GCC_NO_COMMON_BLOCKS = YES;
				GCC_OPTIMIZATION_LEVEL = 0;
				GCC_PREPROCESSOR_DEFINITIONS = (
					"DEBUG=1",
					"$(inherited)",
				);
				GCC_WARN_64_TO_32_BIT_CONVERSION = YES;
				GCC_WARN_ABOUT_RETURN_TYPE = YES_ERROR;
				GCC_WARN_UNDECLARED_SELECTOR = YES;
				GCC_WARN_UNINITIALIZED_AUTOS = YES_AGGRESSIVE;
				GCC_WARN_UNUSED_FUNCTION = YES;
				GCC_WARN_UNUSED_VARIABLE = YES;
				MTL_ENABLE_DEBUG_INFO = INCLUDE_SOURCE;
				MTL_FAST_MATH = YES;
				ONLY_ACTIVE_ARCH = YES;
				SWIFT_ACTIVE_COMPILATION_CONDITIONS = DEBUG;
				SWIFT_OPTIMIZATION_LEVEL = "-Onone";
			};
			name = Debug;
		};
		DFA2BD692A373BFA00BFB964 /* Release */ = {
			isa = XCBuildConfiguration;
			buildSettings = {
				ALWAYS_SEARCH_USER_PATHS = NO;
				CLANG_ANALYZER_NONNULL = YES;
				CLANG_ANALYZER_NUMBER_OBJECT_CONVERSION = YES_AGGRESSIVE;
				CLANG_CXX_LANGUAGE_STANDARD = "gnu++20";
				CLANG_ENABLE_MODULES = YES;
				CLANG_ENABLE_OBJC_ARC = YES;
				CLANG_ENABLE_OBJC_WEAK = YES;
				CLANG_WARN_BLOCK_CAPTURE_AUTORELEASING = YES;
				CLANG_WARN_BOOL_CONVERSION = YES;
				CLANG_WARN_COMMA = YES;
				CLANG_WARN_CONSTANT_CONVERSION = YES;
				CLANG_WARN_DEPRECATED_OBJC_IMPLEMENTATIONS = YES;
				CLANG_WARN_DIRECT_OBJC_ISA_USAGE = YES_ERROR;
				CLANG_WARN_DOCUMENTATION_COMMENTS = YES;
				CLANG_WARN_EMPTY_BODY = YES;
				CLANG_WARN_ENUM_CONVERSION = YES;
				CLANG_WARN_INFINITE_RECURSION = YES;
				CLANG_WARN_INT_CONVERSION = YES;
				CLANG_WARN_NON_LITERAL_NULL_CONVERSION = YES;
				CLANG_WARN_OBJC_IMPLICIT_RETAIN_SELF = YES;
				CLANG_WARN_OBJC_LITERAL_CONVERSION = YES;
				CLANG_WARN_OBJC_ROOT_CLASS = YES_ERROR;
				CLANG_WARN_QUOTED_INCLUDE_IN_FRAMEWORK_HEADER = YES;
				CLANG_WARN_RANGE_LOOP_ANALYSIS = YES;
				CLANG_WARN_STRICT_PROTOTYPES = YES;
				CLANG_WARN_SUSPICIOUS_MOVE = YES;
				CLANG_WARN_UNGUARDED_AVAILABILITY = YES_AGGRESSIVE;
				CLANG_WARN_UNREACHABLE_CODE = YES;
				CLANG_WARN__DUPLICATE_METHOD_MATCH = YES;
				COPY_PHASE_STRIP = NO;
				DEBUG_INFORMATION_FORMAT = "dwarf-with-dsym";
				ENABLE_NS_ASSERTIONS = NO;
				ENABLE_STRICT_OBJC_MSGSEND = YES;
				GCC_C_LANGUAGE_STANDARD = gnu11;
				GCC_NO_COMMON_BLOCKS = YES;
				GCC_WARN_64_TO_32_BIT_CONVERSION = YES;
				GCC_WARN_ABOUT_RETURN_TYPE = YES_ERROR;
				GCC_WARN_UNDECLARED_SELECTOR = YES;
				GCC_WARN_UNINITIALIZED_AUTOS = YES_AGGRESSIVE;
				GCC_WARN_UNUSED_FUNCTION = YES;
				GCC_WARN_UNUSED_VARIABLE = YES;
				MTL_ENABLE_DEBUG_INFO = NO;
				MTL_FAST_MATH = YES;
				SWIFT_COMPILATION_MODE = wholemodule;
				SWIFT_OPTIMIZATION_LEVEL = "-O";
			};
			name = Release;
		};
		DFA2BD6B2A373BFA00BFB964 /* Debug */ = {
			isa = XCBuildConfiguration;
			buildSettings = {
				ASSETCATALOG_COMPILER_APPICON_NAME = AppIcon;
				ASSETCATALOG_COMPILER_GLOBAL_ACCENT_COLOR_NAME = AccentColor;
				CODE_SIGN_STYLE = Automatic;
				CURRENT_PROJECT_VERSION = 1;
				DEVELOPMENT_ASSET_PATHS = "\"BuddyCare Watch App/Preview Content\"";
				DEVELOPMENT_TEAM = 3PC4MSN8T7;
				ENABLE_PREVIEWS = YES;
				GENERATE_INFOPLIST_FILE = YES;
				INFOPLIST_KEY_CFBundleDisplayName = BuddyCare;
				INFOPLIST_KEY_UISupportedInterfaceOrientations = "UIInterfaceOrientationPortrait UIInterfaceOrientationPortraitUpsideDown";
				INFOPLIST_KEY_WKCompanionAppBundleIdentifier = br.com.yago.BuddyCare;
				LD_RUNPATH_SEARCH_PATHS = (
					"$(inherited)",
					"@executable_path/Frameworks",
				);
				MARKETING_VERSION = 1.0;
				PRODUCT_BUNDLE_IDENTIFIER = br.com.yago.BuddyCare.watchkitapp;
				PRODUCT_NAME = "$(TARGET_NAME)";
				SDKROOT = watchos;
				SKIP_INSTALL = YES;
				SWIFT_EMIT_LOC_STRINGS = YES;
				SWIFT_VERSION = 5.0;
				TARGETED_DEVICE_FAMILY = 4;
				WATCHOS_DEPLOYMENT_TARGET = 9.4;
			};
			name = Debug;
		};
		DFA2BD6C2A373BFA00BFB964 /* Release */ = {
			isa = XCBuildConfiguration;
			buildSettings = {
				ASSETCATALOG_COMPILER_APPICON_NAME = AppIcon;
				ASSETCATALOG_COMPILER_GLOBAL_ACCENT_COLOR_NAME = AccentColor;
				CODE_SIGN_STYLE = Automatic;
				CURRENT_PROJECT_VERSION = 1;
				DEVELOPMENT_ASSET_PATHS = "\"BuddyCare Watch App/Preview Content\"";
				DEVELOPMENT_TEAM = 3PC4MSN8T7;
				ENABLE_PREVIEWS = YES;
				GENERATE_INFOPLIST_FILE = YES;
				INFOPLIST_KEY_CFBundleDisplayName = BuddyCare;
				INFOPLIST_KEY_UISupportedInterfaceOrientations = "UIInterfaceOrientationPortrait UIInterfaceOrientationPortraitUpsideDown";
				INFOPLIST_KEY_WKCompanionAppBundleIdentifier = br.com.yago.BuddyCare;
				LD_RUNPATH_SEARCH_PATHS = (
					"$(inherited)",
					"@executable_path/Frameworks",
				);
				MARKETING_VERSION = 1.0;
				PRODUCT_BUNDLE_IDENTIFIER = br.com.yago.BuddyCare.watchkitapp;
				PRODUCT_NAME = "$(TARGET_NAME)";
				SDKROOT = watchos;
				SKIP_INSTALL = YES;
				SWIFT_EMIT_LOC_STRINGS = YES;
				SWIFT_VERSION = 5.0;
				TARGETED_DEVICE_FAMILY = 4;
				VALIDATE_PRODUCT = YES;
				WATCHOS_DEPLOYMENT_TARGET = 9.4;
			};
			name = Release;
		};
		DFA2BD6F2A373BFA00BFB964 /* Debug */ = {
			isa = XCBuildConfiguration;
			buildSettings = {
				ALWAYS_EMBED_SWIFT_STANDARD_LIBRARIES = YES;
				ASSETCATALOG_COMPILER_APPICON_NAME = AppIcon;
				ASSETCATALOG_COMPILER_GLOBAL_ACCENT_COLOR_NAME = AccentColor;
				CODE_SIGN_STYLE = Automatic;
				CURRENT_PROJECT_VERSION = 1;
				DEVELOPMENT_ASSET_PATHS = "\"BuddyCare/Preview Content\"";
				DEVELOPMENT_TEAM = 3PC4MSN8T7;
				ENABLE_PREVIEWS = YES;
				GENERATE_INFOPLIST_FILE = YES;
				INFOPLIST_KEY_CFBundleDisplayName = BuddyCare;
				INFOPLIST_KEY_UIApplicationSceneManifest_Generation = YES;
				INFOPLIST_KEY_UIApplicationSupportsIndirectInputEvents = YES;
				INFOPLIST_KEY_UILaunchScreen_Generation = YES;
				INFOPLIST_KEY_UISupportedInterfaceOrientations_iPad = "UIInterfaceOrientationPortrait UIInterfaceOrientationPortraitUpsideDown UIInterfaceOrientationLandscapeLeft UIInterfaceOrientationLandscapeRight";
				INFOPLIST_KEY_UISupportedInterfaceOrientations_iPhone = "UIInterfaceOrientationPortrait UIInterfaceOrientationLandscapeLeft UIInterfaceOrientationLandscapeRight";
				IPHONEOS_DEPLOYMENT_TARGET = 16.4;
				LD_RUNPATH_SEARCH_PATHS = (
					"$(inherited)",
					"@executable_path/Frameworks",
				);
				MARKETING_VERSION = 1.0;
				PRODUCT_BUNDLE_IDENTIFIER = br.com.yago.BuddyCare;
				PRODUCT_NAME = "$(TARGET_NAME)";
				SDKROOT = iphoneos;
				SWIFT_EMIT_LOC_STRINGS = YES;
				SWIFT_VERSION = 5.0;
				TARGETED_DEVICE_FAMILY = "1,2";
			};
			name = Debug;
		};
		DFA2BD702A373BFA00BFB964 /* Release */ = {
			isa = XCBuildConfiguration;
			buildSettings = {
				ALWAYS_EMBED_SWIFT_STANDARD_LIBRARIES = YES;
				ASSETCATALOG_COMPILER_APPICON_NAME = AppIcon;
				ASSETCATALOG_COMPILER_GLOBAL_ACCENT_COLOR_NAME = AccentColor;
				CODE_SIGN_STYLE = Automatic;
				CURRENT_PROJECT_VERSION = 1;
				DEVELOPMENT_ASSET_PATHS = "\"BuddyCare/Preview Content\"";
				DEVELOPMENT_TEAM = 3PC4MSN8T7;
				ENABLE_PREVIEWS = YES;
				GENERATE_INFOPLIST_FILE = YES;
				INFOPLIST_KEY_CFBundleDisplayName = BuddyCare;
				INFOPLIST_KEY_UIApplicationSceneManifest_Generation = YES;
				INFOPLIST_KEY_UIApplicationSupportsIndirectInputEvents = YES;
				INFOPLIST_KEY_UILaunchScreen_Generation = YES;
				INFOPLIST_KEY_UISupportedInterfaceOrientations_iPad = "UIInterfaceOrientationPortrait UIInterfaceOrientationPortraitUpsideDown UIInterfaceOrientationLandscapeLeft UIInterfaceOrientationLandscapeRight";
				INFOPLIST_KEY_UISupportedInterfaceOrientations_iPhone = "UIInterfaceOrientationPortrait UIInterfaceOrientationLandscapeLeft UIInterfaceOrientationLandscapeRight";
				IPHONEOS_DEPLOYMENT_TARGET = 16.4;
				LD_RUNPATH_SEARCH_PATHS = (
					"$(inherited)",
					"@executable_path/Frameworks",
				);
				MARKETING_VERSION = 1.0;
				PRODUCT_BUNDLE_IDENTIFIER = br.com.yago.BuddyCare;
				PRODUCT_NAME = "$(TARGET_NAME)";
				SDKROOT = iphoneos;
				SWIFT_EMIT_LOC_STRINGS = YES;
				SWIFT_VERSION = 5.0;
				TARGETED_DEVICE_FAMILY = "1,2";
				VALIDATE_PRODUCT = YES;
			};
			name = Release;
		};
		DFA2BD722A373BFA00BFB964 /* Debug */ = {
			isa = XCBuildConfiguration;
			buildSettings = {
				ALWAYS_EMBED_SWIFT_STANDARD_LIBRARIES = YES;
				BUNDLE_LOADER = "$(TEST_HOST)";
				CODE_SIGN_STYLE = Automatic;
				CURRENT_PROJECT_VERSION = 1;
				DEVELOPMENT_TEAM = 3PC4MSN8T7;
				GENERATE_INFOPLIST_FILE = YES;
				IPHONEOS_DEPLOYMENT_TARGET = 16.4;
				MARKETING_VERSION = 1.0;
				PRODUCT_BUNDLE_IDENTIFIER = br.com.yago.BuddyCareTests;
				PRODUCT_NAME = "$(TARGET_NAME)";
				SDKROOT = iphoneos;
				SWIFT_EMIT_LOC_STRINGS = NO;
				SWIFT_VERSION = 5.0;
				TARGETED_DEVICE_FAMILY = "1,2";
				TEST_HOST = "$(BUILT_PRODUCTS_DIR)/BuddyCare.app/$(BUNDLE_EXECUTABLE_FOLDER_PATH)/BuddyCare";
			};
			name = Debug;
		};
		DFA2BD732A373BFA00BFB964 /* Release */ = {
			isa = XCBuildConfiguration;
			buildSettings = {
				ALWAYS_EMBED_SWIFT_STANDARD_LIBRARIES = YES;
				BUNDLE_LOADER = "$(TEST_HOST)";
				CODE_SIGN_STYLE = Automatic;
				CURRENT_PROJECT_VERSION = 1;
				DEVELOPMENT_TEAM = 3PC4MSN8T7;
				GENERATE_INFOPLIST_FILE = YES;
				IPHONEOS_DEPLOYMENT_TARGET = 16.4;
				MARKETING_VERSION = 1.0;
				PRODUCT_BUNDLE_IDENTIFIER = br.com.yago.BuddyCareTests;
				PRODUCT_NAME = "$(TARGET_NAME)";
				SDKROOT = iphoneos;
				SWIFT_EMIT_LOC_STRINGS = NO;
				SWIFT_VERSION = 5.0;
				TARGETED_DEVICE_FAMILY = "1,2";
				TEST_HOST = "$(BUILT_PRODUCTS_DIR)/BuddyCare.app/$(BUNDLE_EXECUTABLE_FOLDER_PATH)/BuddyCare";
				VALIDATE_PRODUCT = YES;
			};
			name = Release;
		};
		DFA2BD782A373BFA00BFB964 /* Debug */ = {
			isa = XCBuildConfiguration;
			buildSettings = {
				ALWAYS_EMBED_SWIFT_STANDARD_LIBRARIES = YES;
				BUNDLE_LOADER = "$(TEST_HOST)";
				CODE_SIGN_STYLE = Automatic;
				CURRENT_PROJECT_VERSION = 1;
				DEVELOPMENT_TEAM = 3PC4MSN8T7;
				GENERATE_INFOPLIST_FILE = YES;
				MARKETING_VERSION = 1.0;
				PRODUCT_BUNDLE_IDENTIFIER = "br.com.yago.BuddyCare-Watch-AppTests";
				PRODUCT_NAME = "$(TARGET_NAME)";
				SDKROOT = watchos;
				SWIFT_EMIT_LOC_STRINGS = NO;
				SWIFT_VERSION = 5.0;
				TARGETED_DEVICE_FAMILY = 4;
				TEST_HOST = "$(BUILT_PRODUCTS_DIR)/BuddyCare Watch App.app/$(BUNDLE_EXECUTABLE_FOLDER_PATH)/BuddyCare Watch App";
				WATCHOS_DEPLOYMENT_TARGET = 9.4;
			};
			name = Debug;
		};
		DFA2BD792A373BFA00BFB964 /* Release */ = {
			isa = XCBuildConfiguration;
			buildSettings = {
				ALWAYS_EMBED_SWIFT_STANDARD_LIBRARIES = YES;
				BUNDLE_LOADER = "$(TEST_HOST)";
				CODE_SIGN_STYLE = Automatic;
				CURRENT_PROJECT_VERSION = 1;
				DEVELOPMENT_TEAM = 3PC4MSN8T7;
				GENERATE_INFOPLIST_FILE = YES;
				MARKETING_VERSION = 1.0;
				PRODUCT_BUNDLE_IDENTIFIER = "br.com.yago.BuddyCare-Watch-AppTests";
				PRODUCT_NAME = "$(TARGET_NAME)";
				SDKROOT = watchos;
				SWIFT_EMIT_LOC_STRINGS = NO;
				SWIFT_VERSION = 5.0;
				TARGETED_DEVICE_FAMILY = 4;
				TEST_HOST = "$(BUILT_PRODUCTS_DIR)/BuddyCare Watch App.app/$(BUNDLE_EXECUTABLE_FOLDER_PATH)/BuddyCare Watch App";
				VALIDATE_PRODUCT = YES;
				WATCHOS_DEPLOYMENT_TARGET = 9.4;
			};
			name = Release;
		};
/* End XCBuildConfiguration section */

/* Begin XCConfigurationList section */
		DFA2BD192A373BF800BFB964 /* Build configuration list for PBXProject "BuddyCare" */ = {
			isa = XCConfigurationList;
			buildConfigurations = (
				DFA2BD682A373BFA00BFB964 /* Debug */,
				DFA2BD692A373BFA00BFB964 /* Release */,
			);
			defaultConfigurationIsVisible = 0;
			defaultConfigurationName = Release;
		};
		DFA2BD6A2A373BFA00BFB964 /* Build configuration list for PBXNativeTarget "BuddyCare Watch App" */ = {
			isa = XCConfigurationList;
			buildConfigurations = (
				DFA2BD6B2A373BFA00BFB964 /* Debug */,
				DFA2BD6C2A373BFA00BFB964 /* Release */,
			);
			defaultConfigurationIsVisible = 0;
			defaultConfigurationName = Release;
		};
		DFA2BD6E2A373BFA00BFB964 /* Build configuration list for PBXNativeTarget "BuddyCare" */ = {
			isa = XCConfigurationList;
			buildConfigurations = (
				DFA2BD6F2A373BFA00BFB964 /* Debug */,
				DFA2BD702A373BFA00BFB964 /* Release */,
			);
			defaultConfigurationIsVisible = 0;
			defaultConfigurationName = Release;
		};
		DFA2BD712A373BFA00BFB964 /* Build configuration list for PBXNativeTarget "BuddyCareTests" */ = {
			isa = XCConfigurationList;
			buildConfigurations = (
				DFA2BD722A373BFA00BFB964 /* Debug */,
				DFA2BD732A373BFA00BFB964 /* Release */,
			);
			defaultConfigurationIsVisible = 0;
			defaultConfigurationName = Release;
		};
		DFA2BD772A373BFA00BFB964 /* Build configuration list for PBXNativeTarget "BuddyCare Watch AppTests" */ = {
			isa = XCConfigurationList;
			buildConfigurations = (
				DFA2BD782A373BFA00BFB964 /* Debug */,
				DFA2BD792A373BFA00BFB964 /* Release */,
			);
			defaultConfigurationIsVisible = 0;
			defaultConfigurationName = Release;
		};
/* End XCConfigurationList section */
	};
	rootObject = DFA2BD162A373BF800BFB964 /* Project object */;
}
